
Microsoft Visual Studio Solution File, Format Version 12.00
# Visual Studio Version 16
VisualStudioVersion = 16.0.30011.22
MinimumVisualStudioVersion = 10.0.40219.1
Project("{FAE04EC0-301F-11D3-BF4B-00C04F79EFBC}") = "Sample_Jenkins_Test", "Sample_Jenkins_Test.csproj", "{DD3D0A85-F146-4976-A188-896198D990CD}"
EndProject
Global
	GlobalSection(SolutionConfigurationPlatforms) = preSolution
		Debug|Any CPU = Debug|Any CPU
		Release|Any CPU = Release|Any CPU
	EndGlobalSection
	GlobalSection(ProjectConfigurationPlatforms) = postSolution
		{DD3D0A85-F146-4976-A188-896198D990CD}.Debug|Any CPU.ActiveCfg = Debug|Any CPU
		{DD3D0A85-F146-4976-A188-896198D990CD}.Debug|Any CPU.Build.0 = Debug|Any CPU
		{DD3D0A85-F146-4976-A188-896198D990CD}.Release|Any CPU.ActiveCfg = Release|Any CPU
		{DD3D0A85-F146-4976-A188-896198D990CD}.Release|Any CPU.Build.0 = Release|Any CPU
	EndGlobalSection
	GlobalSection(SolutionProperties) = preSolution
		HideSolutionNode = FALSE
	EndGlobalSection
	GlobalSection(ExtensibilityGlobals) = postSolution
		SolutionGuid = {966C099F-CA7B-49C9-B581-2F1E0EDB6984}
	EndGlobalSection
EndGlobal
